// !$*UTF8*$!
{
	archiveVersion = 1;
	classes = {
	};
	objectVersion = 46;
	objects = {

/* Begin PBXBuildFile section */
		AC85904F1C4D682A001FB6FE /* main.cpp in Sources */ = {isa = PBXBuildFile; fileRef = AC85904E1C4D682A001FB6FE /* main.cpp */; };
		AC8590571C4D69EC001FB6FE /* cd.cpp in Sources */ = {isa = PBXBuildFile; fileRef = AC8590551C4D69EC001FB6FE /* cd.cpp */; };
		AC85905A1C4D6A74001FB6FE /* cdcatalogue.cpp in Sources */ = {isa = PBXBuildFile; fileRef = AC8590581C4D6A74001FB6FE /* cdcatalogue.cpp */; };
/* End PBXBuildFile section */

/* Begin PBXCopyFilesBuildPhase section */
		AC8590491C4D682A001FB6FE /* CopyFiles */ = {
			isa = PBXCopyFilesBuildPhase;
			buildActionMask = 2147483647;
			dstPath = /usr/share/man/man1/;
			dstSubfolderSpec = 0;
			files = (
			);
			runOnlyForDeploymentPostprocessing = 1;
		};
/* End PBXCopyFilesBuildPhase section */

/* Begin PBXFileReference section */
		AC85904B1C4D682A001FB6FE /* cdcataloguetest */ = {isa = PBXFileReference; explicitFileType = "compiled.mach-o.executable"; includeInIndex = 0; path = cdcataloguetest; sourceTree = BUILT_PRODUCTS_DIR; };
		AC85904E1C4D682A001FB6FE /* main.cpp */ = {isa = PBXFileReference; lastKnownFileType = sourcecode.cpp.cpp; path = main.cpp; sourceTree = "<group>"; };
		AC8590551C4D69EC001FB6FE /* cd.cpp */ = {isa = PBXFileReference; fileEncoding = 4; lastKnownFileType = sourcecode.cpp.cpp; path = cd.cpp; sourceTree = "<group>"; };
		AC8590561C4D69EC001FB6FE /* cd.h */ = {isa = PBXFileReference; fileEncoding = 4; lastKnownFileType = sourcecode.c.h; path = cd.h; sourceTree = "<group>"; };
		AC8590581C4D6A74001FB6FE /* cdcatalogue.cpp */ = {isa = PBXFileReference; fileEncoding = 4; lastKnownFileType = sourcecode.cpp.cpp; path = cdcatalogue.cpp; sourceTree = "<group>"; };
		AC8590591C4D6A74001FB6FE /* cdcatalogue.h */ = {isa = PBXFileReference; fileEncoding = 4; lastKnownFileType = sourcecode.c.h; path = cdcatalogue.h; sourceTree = "<group>"; };
/* End PBXFileReference section */

/* Begin PBXFrameworksBuildPhase section */
		AC8590481C4D682A001FB6FE /* Frameworks */ = {
			isa = PBXFrameworksBuildPhase;
			buildActionMask = 2147483647;
			files = (
			);
			runOnlyForDeploymentPostprocessing = 0;
		};
/* End PBXFrameworksBuildPhase section */

/* Begin PBXGroup section */
		AC8590421C4D682A001FB6FE = {
			isa = PBXGroup;
			children = (
				AC85904D1C4D682A001FB6FE /* cdcataloguetest */,
				AC85904C1C4D682A001FB6FE /* Products */,
			);
			sourceTree = "<group>";
		};
		AC85904C1C4D682A001FB6FE /* Products */ = {
			isa = PBXGroup;
			children = (
				AC85904B1C4D682A001FB6FE /* cdcataloguetest */,
			);
			name = Products;
			sourceTree = "<group>";
		};
		AC85904D1C4D682A001FB6FE /* cdcataloguetest */ = {
			isa = PBXGroup;
			children = (
				AC85904E1C4D682A001FB6FE /* main.cpp */,
				AC8590551C4D69EC001FB6FE /* cd.cpp */,
				AC8590581C4D6A74001FB6FE /* cdcatalogue.cpp */,
				AC8590591C4D6A74001FB6FE /* cdcatalogue.h */,
				AC8590561C4D69EC001FB6FE /* cd.h */,
			);
			path = cdcataloguetest;
			sourceTree = "<group>";
		};
/* End PBXGroup section */

/* Begin PBXNativeTarget section */
		AC85904A1C4D682A001FB6FE /* cdcataloguetest */ = {
			isa = PBXNativeTarget;
			buildConfigurationList = AC8590521C4D682A001FB6FE /* Build configuration list for PBXNativeTarget "cdcataloguetest" */;
			buildPhases = (
				AC8590471C4D682A001FB6FE /* Sources */,
				AC8590481C4D682A001FB6FE /* Frameworks */,
				AC8590491C4D682A001FB6FE /* CopyFiles */,
			);
			buildRules = (
			);
			dependencies = (
			);
			name = cdcataloguetest;
			productName = cdcataloguetest;
			productReference = AC85904B1C4D682A001FB6FE /* cdcataloguetest */;
			productType = "com.apple.product-type.tool";
		};
/* End PBXNativeTarget section */

/* Begin PBXProject section */
		AC8590431C4D682A001FB6FE /* Project object */ = {
			isa = PBXProject;
			attributes = {
				LastUpgradeCheck = 0710;
				ORGANIZATIONNAME = "Kai Zhang";
				TargetAttributes = {
					AC85904A1C4D682A001FB6FE = {
						CreatedOnToolsVersion = 7.1.1;
					};
				};
			};
			buildConfigurationList = AC8590461C4D682A001FB6FE /* Build configuration list for PBXProject "cdcataloguetest" */;
			compatibilityVersion = "Xcode 3.2";
			developmentRegion = English;
			hasScannedForEncodings = 0;
			knownRegions = (
				en,
			);
			mainGroup = AC8590421C4D682A001FB6FE;
			productRefGroup = AC85904C1C4D682A001FB6FE /* Products */;
			projectDirPath = "";
			projectRoot = "";
			targets = (
				AC85904A1C4D682A001FB6FE /* cdcataloguetest */,
			);
		};
/* End PBXProject section */

/* Begin PBXSourcesBuildPhase section */
		AC8590471C4D682A001FB6FE /* Sources */ = {
			isa = PBXSourcesBuildPhase;
			buildActionMask = 2147483647;
			files = (
				AC85905A1C4D6A74001FB6FE /* cdcatalogue.cpp in Sources */,
				AC8590571C4D69EC001FB6FE /* cd.cpp in Sources */,
				AC85904F1C4D682A001FB6FE /* main.cpp in Sources */,
			);
			runOnlyForDeploymentPostprocessing = 0;
		};
/* End PBXSourcesBuildPhase section */

/* Begin XCBuildConfiguration section */
		AC8590501C4D682A001FB6FE /* Debug */ = {
			isa = XCBuildConfiguration;
			buildSettings = {
				ALWAYS_SEARCH_USER_PATHS = NO;
				CLANG_CXX_LANGUAGE_STANDARD = "gnu++0x";
				CLANG_CXX_LIBRARY = "libc++";
				CLANG_ENABLE_MODULES = YES;
				CLANG_ENABLE_OBJC_ARC = YES;
				CLANG_WARN_BOOL_CONVERSION = YES;
				CLANG_WARN_CONSTANT_CONVERSION = YES;
				CLANG_WARN_DIRECT_OBJC_ISA_USAGE = YES_ERROR;
				CLANG_WARN_EMPTY_BODY = YES;
				CLANG_WARN_ENUM_CONVERSION = YES;
				CLANG_WARN_INT_CONVERSION = YES;
				CLANG_WARN_OBJC_ROOT_CLASS = YES_ERROR;
				CLANG_WARN_UNREACHABLE_CODE = YES;
				CLANG_WARN__DUPLICATE_METHOD_MATCH = YES;
				CODE_SIGN_IDENTITY = "-";
				COPY_PHASE_STRIP = NO;
				DEBUG_INFORMATION_FORMAT = dwarf;
				ENABLE_STRICT_OBJC_MSGSEND = YES;
				ENABLE_TESTABILITY = YES;
				GCC_C_LANGUAGE_STANDARD = gnu99;
				GCC_DYNAMIC_NO_PIC = NO;
				GCC_NO_COMMON_BLOCKS = YES;
				GCC_OPTIMIZATION_LEVEL = 0;
				GCC_PREPROCESSOR_DEFINITIONS = (
					"DEBUG=1",
					"$(inherited)",
				);
				GCC_WARN_64_TO_32_BIT_CONVERSION = YES;
				GCC_WARN_ABOUT_RETURN_TYPE = YES_ERROR;
				GCC_WARN_UNDECLARED_SELECTOR = YES;
				GCC_WARN_UNINITIALIZED_AUTOS = YES_AGGRESSIVE;
				GCC_WARN_UNUSED_FUNCTION = YES;
				GCC_WARN_UNUSED_VARIABLE = YES;
				MACOSX_DEPLOYMENT_TARGET = 10.10;
				MTL_ENABLE_DEBUG_INFO = YES;
				ONLY_ACTIVE_ARCH = YES;
				SDKROOT = macosx;
			};
			name = Debug;
		};
		AC8590511C4D682A001FB6FE /* Release */ = {
			isa = XCBuildConfiguration;
			buildSettings = {
				ALWAYS_SEARCH_USER_PATHS = NO;
				CLANG_CXX_LANGUAGE_STANDARD = "gnu++0x";
				CLANG_CXX_LIBRARY = "libc++";
				CLANG_ENABLE_MODULES = YES;
				CLANG_ENABLE_OBJC_ARC = YES;
				CLANG_WARN_BOOL_CONVERSION = YES;
				CLANG_WARN_CONSTANT_CONVERSION = YES;
				CLANG_WARN_DIRECT_OBJC_ISA_USAGE = YES_ERROR;
				CLANG_WARN_EMPTY_BODY = YES;
				CLANG_WARN_ENUM_CONVERSION = YES;
				CLANG_WARN_INT_CONVERSION = YES;
				CLANG_WARN_OBJC_ROOT_CLASS = YES_ERROR;
				CLANG_WARN_UNREACHABLE_CODE = YES;
				CLANG_WARN__DUPLICATE_METHOD_MATCH = YES;
				CODE_SIGN_IDENTITY = "-";
				COPY_PHASE_STRIP = NO;
				DEBUG_INFORMATION_FORMAT = "dwarf-with-dsym";
				ENABLE_NS_ASSERTIONS = NO;
				ENABLE_STRICT_OBJC_MSGSEND = YES;
				GCC_C_LANGUAGE_STANDARD = gnu99;
				GCC_NO_COMMON_BLOCKS = YES;
				GCC_WARN_64_TO_32_BIT_CONVERSION = YES;
				GCC_WARN_ABOUT_RETURN_TYPE = YES_ERROR;
				GCC_WARN_UNDECLARED_SELECTOR = YES;
				GCC_WARN_UNINITIALIZED_AUTOS = YES_AGGRESSIVE;
				GCC_WARN_UNUSED_FUNCTION = YES;
				GCC_WARN_UNUSED_VARIABLE = YES;
				MACOSX_DEPLOYMENT_TARGET = 10.10;
				MTL_ENABLE_DEBUG_INFO = NO;
				SDKROOT = macosx;
			};
			name = Release;
		};
		AC8590531C4D682A001FB6FE /* Debug */ = {
			isa = XCBuildConfiguration;
			buildSettings = {
				PRODUCT_NAME = "$(TARGET_NAME)";
			};
			name = Debug;
		};
		AC8590541C4D682A001FB6FE /* Release */ = {
			isa = XCBuildConfiguration;
			buildSettings = {
				PRODUCT_NAME = "$(TARGET_NAME)";
			};
			name = Release;
		};
/* End XCBuildConfiguration section */

/* Begin XCConfigurationList section */
		AC8590461C4D682A001FB6FE /* Build configuration list for PBXProject "cdcataloguetest" */ = {
			isa = XCConfigurationList;
			buildConfigurations = (
				AC8590501C4D682A001FB6FE /* Debug */,
				AC8590511C4D682A001FB6FE /* Release */,
			);
			defaultConfigurationIsVisible = 0;
			defaultConfigurationName = Release;
		};
		AC8590521C4D682A001FB6FE /* Build configuration list for PBXNativeTarget "cdcataloguetest" */ = {
			isa = XCConfigurationList;
			buildConfigurations = (
				AC8590531C4D682A001FB6FE /* Debug */,
				AC8590541C4D682A001FB6FE /* Release */,
			);
			defaultConfigurationIsVisible = 0;
		};
/* End XCConfigurationList section */
	};
	rootObject = AC8590431C4D682A001FB6FE /* Project object */;
}
